// !$*UTF8*$!
{
	archiveVersion = 1;
	classes = {
	};
	objectVersion = 55;
	objects = {

/* Begin PBXBuildFile section */
		2372849E275DCD1300A5567B /* Memorize_CS193pApp.swift in Sources */ = {isa = PBXBuildFile; fileRef = 2372849D275DCD1300A5567B /* Memorize_CS193pApp.swift */; };
		237284A0275DCD1300A5567B /* EmojiMemoryGameView.swift in Sources */ = {isa = PBXBuildFile; fileRef = 2372849F275DCD1300A5567B /* EmojiMemoryGameView.swift */; };
		237284A2275DCD1400A5567B /* Assets.xcassets in Resources */ = {isa = PBXBuildFile; fileRef = 237284A1275DCD1400A5567B /* Assets.xcassets */; };
		237284A5275DCD1400A5567B /* Preview Assets.xcassets in Resources */ = {isa = PBXBuildFile; fileRef = 237284A4275DCD1400A5567B /* Preview Assets.xcassets */; };
		239B17B5277568FE007EE208 /* Theme.swift in Sources */ = {isa = PBXBuildFile; fileRef = 239B17B4277568FE007EE208 /* Theme.swift */; };
		23C543F02790BE470095CD01 /* UtilityExtensions.swift in Sources */ = {isa = PBXBuildFile; fileRef = 23C543EE2790BE470095CD01 /* UtilityExtensions.swift */; };
		23C543F12790BE470095CD01 /* UtilityViews.swift in Sources */ = {isa = PBXBuildFile; fileRef = 23C543EF2790BE470095CD01 /* UtilityViews.swift */; };
		23C543F42790BFA40095CD01 /* ThemeChooser.swift in Sources */ = {isa = PBXBuildFile; fileRef = 23C543F32790BFA40095CD01 /* ThemeChooser.swift */; };
		23C543F727912D010095CD01 /* ThemeEditor.swift in Sources */ = {isa = PBXBuildFile; fileRef = 23C543F627912D010095CD01 /* ThemeEditor.swift */; };
		23E1C7432761D9C70098CBC5 /* MemoryGame.swift in Sources */ = {isa = PBXBuildFile; fileRef = 23E1C7422761D9C70098CBC5 /* MemoryGame.swift */; };
		23E1C74527632FAA0098CBC5 /* EmojiMemoryGame.swift in Sources */ = {isa = PBXBuildFile; fileRef = 23E1C74427632FAA0098CBC5 /* EmojiMemoryGame.swift */; };
/* End PBXBuildFile section */

/* Begin PBXFileReference section */
		2372849A275DCD1300A5567B /* Memorize.app */ = {isa = PBXFileReference; explicitFileType = wrapper.application; includeInIndex = 0; path = Memorize.app; sourceTree = BUILT_PRODUCTS_DIR; };
		2372849D275DCD1300A5567B /* Memorize_CS193pApp.swift */ = {isa = PBXFileReference; lastKnownFileType = sourcecode.swift; path = Memorize_CS193pApp.swift; sourceTree = "<group>"; };
		2372849F275DCD1300A5567B /* EmojiMemoryGameView.swift */ = {isa = PBXFileReference; lastKnownFileType = sourcecode.swift; path = EmojiMemoryGameView.swift; sourceTree = "<group>"; };
		237284A1275DCD1400A5567B /* Assets.xcassets */ = {isa = PBXFileReference; lastKnownFileType = folder.assetcatalog; path = Assets.xcassets; sourceTree = "<group>"; };
		237284A4275DCD1400A5567B /* Preview Assets.xcassets */ = {isa = PBXFileReference; lastKnownFileType = folder.assetcatalog; path = "Preview Assets.xcassets"; sourceTree = "<group>"; };
		239B17B4277568FE007EE208 /* Theme.swift */ = {isa = PBXFileReference; lastKnownFileType = sourcecode.swift; path = Theme.swift; sourceTree = "<group>"; };
		23C543EE2790BE470095CD01 /* UtilityExtensions.swift */ = {isa = PBXFileReference; fileEncoding = 4; lastKnownFileType = sourcecode.swift; path = UtilityExtensions.swift; sourceTree = "<group>"; };
		23C543EF2790BE470095CD01 /* UtilityViews.swift */ = {isa = PBXFileReference; fileEncoding = 4; lastKnownFileType = sourcecode.swift; path = UtilityViews.swift; sourceTree = "<group>"; };
		23C543F32790BFA40095CD01 /* ThemeChooser.swift */ = {isa = PBXFileReference; lastKnownFileType = sourcecode.swift; path = ThemeChooser.swift; sourceTree = "<group>"; };
		23C543F52790D38F0095CD01 /* Info.plist */ = {isa = PBXFileReference; lastKnownFileType = text.plist; path = Info.plist; sourceTree = "<group>"; };
		23C543F627912D010095CD01 /* ThemeEditor.swift */ = {isa = PBXFileReference; lastKnownFileType = sourcecode.swift; path = ThemeEditor.swift; sourceTree = "<group>"; };
		23E1C7422761D9C70098CBC5 /* MemoryGame.swift */ = {isa = PBXFileReference; lastKnownFileType = sourcecode.swift; path = MemoryGame.swift; sourceTree = "<group>"; };
		23E1C74427632FAA0098CBC5 /* EmojiMemoryGame.swift */ = {isa = PBXFileReference; lastKnownFileType = sourcecode.swift; path = EmojiMemoryGame.swift; sourceTree = "<group>"; };
/* End PBXFileReference section */

/* Begin PBXFrameworksBuildPhase section */
		23728497275DCD1300A5567B /* Frameworks */ = {
			isa = PBXFrameworksBuildPhase;
			buildActionMask = 2147483647;
			files = (
			);
			runOnlyForDeploymentPostprocessing = 0;
		};
/* End PBXFrameworksBuildPhase section */

/* Begin PBXGroup section */
		23728491275DCD1300A5567B = {
			isa = PBXGroup;
			children = (
				2372849C275DCD1300A5567B /* Memorize */,
				2372849B275DCD1300A5567B /* Products */,
			);
			sourceTree = "<group>";
		};
		2372849B275DCD1300A5567B /* Products */ = {
			isa = PBXGroup;
			children = (
				2372849A275DCD1300A5567B /* Memorize.app */,
			);
			name = Products;
			sourceTree = "<group>";
		};
		2372849C275DCD1300A5567B /* Memorize */ = {
			isa = PBXGroup;
			children = (
				23E1C7422761D9C70098CBC5 /* MemoryGame.swift */,
				23E1C74427632FAA0098CBC5 /* EmojiMemoryGame.swift */,
				239B17B4277568FE007EE208 /* Theme.swift */,
				23C543F32790BFA40095CD01 /* ThemeChooser.swift */,
				23C543F627912D010095CD01 /* ThemeEditor.swift */,
				2372849D275DCD1300A5567B /* Memorize_CS193pApp.swift */,
				2372849F275DCD1300A5567B /* EmojiMemoryGameView.swift */,
				237284A1275DCD1400A5567B /* Assets.xcassets */,
				23C543F52790D38F0095CD01 /* Info.plist */,
				23C543F22790BE520095CD01 /* Extensions */,
				237284A3275DCD1400A5567B /* Preview Content */,
			);
			path = Memorize;
			sourceTree = "<group>";
		};
		237284A3275DCD1400A5567B /* Preview Content */ = {
			isa = PBXGroup;
			children = (
				237284A4275DCD1400A5567B /* Preview Assets.xcassets */,
			);
			path = "Preview Content";
			sourceTree = "<group>";
		};
		23C543F22790BE520095CD01 /* Extensions */ = {
			isa = PBXGroup;
			children = (
				23C543EE2790BE470095CD01 /* UtilityExtensions.swift */,
				23C543EF2790BE470095CD01 /* UtilityViews.swift */,
			);
			path = Extensions;
			sourceTree = "<group>";
		};
/* End PBXGroup section */

/* Begin PBXNativeTarget section */
		23728499275DCD1300A5567B /* Memorize */ = {
			isa = PBXNativeTarget;
			buildConfigurationList = 237284A8275DCD1400A5567B /* Build configuration list for PBXNativeTarget "Memorize" */;
			buildPhases = (
				23728496275DCD1300A5567B /* Sources */,
				23728497275DCD1300A5567B /* Frameworks */,
				23728498275DCD1300A5567B /* Resources */,
			);
			buildRules = (
			);
			dependencies = (
			);
			name = Memorize;
			productName = "Memorize-CS193p";
			productReference = 2372849A275DCD1300A5567B /* Memorize.app */;
			productType = "com.apple.product-type.application";
		};
/* End PBXNativeTarget section */

/* Begin PBXProject section */
		23728492275DCD1300A5567B /* Project object */ = {
			isa = PBXProject;
			attributes = {
				BuildIndependentTargetsInParallel = 1;
				LastSwiftUpdateCheck = 1310;
				LastUpgradeCheck = 1310;
				TargetAttributes = {
					23728499275DCD1300A5567B = {
						CreatedOnToolsVersion = 13.1;
					};
				};
			};
			buildConfigurationList = 23728495275DCD1300A5567B /* Build configuration list for PBXProject "Memorize" */;
			compatibilityVersion = "Xcode 13.0";
			developmentRegion = en;
			hasScannedForEncodings = 0;
			knownRegions = (
				en,
				Base,
			);
			mainGroup = 23728491275DCD1300A5567B;
			productRefGroup = 2372849B275DCD1300A5567B /* Products */;
			projectDirPath = "";
			projectRoot = "";
			targets = (
				23728499275DCD1300A5567B /* Memorize */,
			);
		};
/* End PBXProject section */

/* Begin PBXResourcesBuildPhase section */
		23728498275DCD1300A5567B /* Resources */ = {
			isa = PBXResourcesBuildPhase;
			buildActionMask = 2147483647;
			files = (
				237284A5275DCD1400A5567B /* Preview Assets.xcassets in Resources */,
				237284A2275DCD1400A5567B /* Assets.xcassets in Resources */,
			);
			runOnlyForDeploymentPostprocessing = 0;
		};
/* End PBXResourcesBuildPhase section */

/* Begin PBXSourcesBuildPhase section */
		23728496275DCD1300A5567B /* Sources */ = {
			isa = PBXSourcesBuildPhase;
			buildActionMask = 2147483647;
			files = (
				23C543F12790BE470095CD01 /* UtilityViews.swift in Sources */,
				23C543F727912D010095CD01 /* ThemeEditor.swift in Sources */,
				23E1C7432761D9C70098CBC5 /* MemoryGame.swift in Sources */,
				237284A0275DCD1300A5567B /* EmojiMemoryGameView.swift in Sources */,
				23C543F42790BFA40095CD01 /* ThemeChooser.swift in Sources */,
				23C543F02790BE470095CD01 /* UtilityExtensions.swift in Sources */,
				239B17B5277568FE007EE208 /* Theme.swift in Sources */,
				2372849E275DCD1300A5567B /* Memorize_CS193pApp.swift in Sources */,
				23E1C74527632FAA0098CBC5 /* EmojiMemoryGame.swift in Sources */,
			);
			runOnlyForDeploymentPostprocessing = 0;
		};
/* End PBXSourcesBuildPhase section */

/* Begin XCBuildConfiguration section */
		237284A6275DCD1400A5567B /* Debug */ = {
			isa = XCBuildConfiguration;
			buildSettings = {
				ALWAYS_SEARCH_USER_PATHS = NO;
				CLANG_ANALYZER_NONNULL = YES;
				CLANG_ANALYZER_NUMBER_OBJECT_CONVERSION = YES_AGGRESSIVE;
				CLANG_CXX_LANGUAGE_STANDARD = "gnu++17";
				CLANG_CXX_LIBRARY = "libc++";
				CLANG_ENABLE_MODULES = YES;
				CLANG_ENABLE_OBJC_ARC = YES;
				CLANG_ENABLE_OBJC_WEAK = YES;
				CLANG_WARN_BLOCK_CAPTURE_AUTORELEASING = YES;
				CLANG_WARN_BOOL_CONVERSION = YES;
				CLANG_WARN_COMMA = YES;
				CLANG_WARN_CONSTANT_CONVERSION = YES;
				CLANG_WARN_DEPRECATED_OBJC_IMPLEMENTATIONS = YES;
				CLANG_WARN_DIRECT_OBJC_ISA_USAGE = YES_ERROR;
				CLANG_WARN_DOCUMENTATION_COMMENTS = YES;
				CLANG_WARN_EMPTY_BODY = YES;
				CLANG_WARN_ENUM_CONVERSION = YES;
				CLANG_WARN_INFINITE_RECURSION = YES;
				CLANG_WARN_INT_CONVERSION = YES;
				CLANG_WARN_NON_LITERAL_NULL_CONVERSION = YES;
				CLANG_WARN_OBJC_IMPLICIT_RETAIN_SELF = YES;
				CLANG_WARN_OBJC_LITERAL_CONVERSION = YES;
				CLANG_WARN_OBJC_ROOT_CLASS = YES_ERROR;
				CLANG_WARN_QUOTED_INCLUDE_IN_FRAMEWORK_HEADER = YES;
				CLANG_WARN_RANGE_LOOP_ANALYSIS = YES;
				CLANG_WARN_STRICT_PROTOTYPES = YES;
				CLANG_WARN_SUSPICIOUS_MOVE = YES;
				CLANG_WARN_UNGUARDED_AVAILABILITY = YES_AGGRESSIVE;
				CLANG_WARN_UNREACHABLE_CODE = YES;
				CLANG_WARN__DUPLICATE_METHOD_MATCH = YES;
				COPY_PHASE_STRIP = NO;
				DEBUG_INFORMATION_FORMAT = dwarf;
				ENABLE_STRICT_OBJC_MSGSEND = YES;
				ENABLE_TESTABILITY = YES;
				GCC_C_LANGUAGE_STANDARD = gnu11;
				GCC_DYNAMIC_NO_PIC = NO;
				GCC_NO_COMMON_BLOCKS = YES;
				GCC_OPTIMIZATION_LEVEL = 0;
				GCC_PREPROCESSOR_DEFINITIONS = (
					"DEBUG=1",
					"$(inherited)",
				);
				GCC_WARN_64_TO_32_BIT_CONVERSION = YES;
				GCC_WARN_ABOUT_RETURN_TYPE = YES_ERROR;
				GCC_WARN_UNDECLARED_SELECTOR = YES;
				GCC_WARN_UNINITIALIZED_AUTOS = YES_AGGRESSIVE;
				GCC_WARN_UNUSED_FUNCTION = YES;
				GCC_WARN_UNUSED_VARIABLE = YES;
				IPHONEOS_DEPLOYMENT_TARGET = 15.0;
				MTL_ENABLE_DEBUG_INFO = INCLUDE_SOURCE;
				MTL_FAST_MATH = YES;
				ONLY_ACTIVE_ARCH = YES;
				SDKROOT = iphoneos;
				SWIFT_ACTIVE_COMPILATION_CONDITIONS = DEBUG;
				SWIFT_OPTIMIZATION_LEVEL = "-Onone";
			};
			name = Debug;
		};
		237284A7275DCD1400A5567B /* Release */ = {
			isa = XCBuildConfiguration;
			buildSettings = {
				ALWAYS_SEARCH_USER_PATHS = NO;
				CLANG_ANALYZER_NONNULL = YES;
				CLANG_ANALYZER_NUMBER_OBJECT_CONVERSION = YES_AGGRESSIVE;
				CLANG_CXX_LANGUAGE_STANDARD = "gnu++17";
				CLANG_CXX_LIBRARY = "libc++";
				CLANG_ENABLE_MODULES = YES;
				CLANG_ENABLE_OBJC_ARC = YES;
				CLANG_ENABLE_OBJC_WEAK = YES;
				CLANG_WARN_BLOCK_CAPTURE_AUTORELEASING = YES;
				CLANG_WARN_BOOL_CONVERSION = YES;
				CLANG_WARN_COMMA = YES;
				CLANG_WARN_CONSTANT_CONVERSION = YES;
				CLANG_WARN_DEPRECATED_OBJC_IMPLEMENTATIONS = YES;
				CLANG_WARN_DIRECT_OBJC_ISA_USAGE = YES_ERROR;
				CLANG_WARN_DOCUMENTATION_COMMENTS = YES;
				CLANG_WARN_EMPTY_BODY = YES;
				CLANG_WARN_ENUM_CONVERSION = YES;
				CLANG_WARN_INFINITE_RECURSION = YES;
				CLANG_WARN_INT_CONVERSION = YES;
				CLANG_WARN_NON_LITERAL_NULL_CONVERSION = YES;
				CLANG_WARN_OBJC_IMPLICIT_RETAIN_SELF = YES;
				CLANG_WARN_OBJC_LITERAL_CONVERSION = YES;
				CLANG_WARN_OBJC_ROOT_CLASS = YES_ERROR;
				CLANG_WARN_QUOTED_INCLUDE_IN_FRAMEWORK_HEADER = YES;
				CLANG_WARN_RANGE_LOOP_ANALYSIS = YES;
				CLANG_WARN_STRICT_PROTOTYPES = YES;
				CLANG_WARN_SUSPICIOUS_MOVE = YES;
				CLANG_WARN_UNGUARDED_AVAILABILITY = YES_AGGRESSIVE;
				CLANG_WARN_UNREACHABLE_CODE = YES;
				CLANG_WARN__DUPLICATE_METHOD_MATCH = YES;
				COPY_PHASE_STRIP = NO;
				DEBUG_INFORMATION_FORMAT = "dwarf-with-dsym";
				ENABLE_NS_ASSERTIONS = NO;
				ENABLE_STRICT_OBJC_MSGSEND = YES;
				GCC_C_LANGUAGE_STANDARD = gnu11;
				GCC_NO_COMMON_BLOCKS = YES;
				GCC_WARN_64_TO_32_BIT_CONVERSION = YES;
				GCC_WARN_ABOUT_RETURN_TYPE = YES_ERROR;
				GCC_WARN_UNDECLARED_SELECTOR = YES;
				GCC_WARN_UNINITIALIZED_AUTOS = YES_AGGRESSIVE;
				GCC_WARN_UNUSED_FUNCTION = YES;
				GCC_WARN_UNUSED_VARIABLE = YES;
				IPHONEOS_DEPLOYMENT_TARGET = 15.0;
				MTL_ENABLE_DEBUG_INFO = NO;
				MTL_FAST_MATH = YES;
				SDKROOT = iphoneos;
				SWIFT_COMPILATION_MODE = wholemodule;
				SWIFT_OPTIMIZATION_LEVEL = "-O";
				VALIDATE_PRODUCT = YES;
			};
			name = Release;
		};
		237284A9275DCD1400A5567B /* Debug */ = {
			isa = XCBuildConfiguration;
			buildSettings = {
				ASSETCATALOG_COMPILER_APPICON_NAME = AppIcon;
				ASSETCATALOG_COMPILER_GLOBAL_ACCENT_COLOR_NAME = AccentColor;
				CODE_SIGN_STYLE = Automatic;
				CURRENT_PROJECT_VERSION = 1;
				DEVELOPMENT_ASSET_PATHS = "\"Memorize/Preview Content\"";
				DEVELOPMENT_TEAM = 25H9B97SXR;
				ENABLE_PREVIEWS = YES;
				GENERATE_INFOPLIST_FILE = YES;
				INFOPLIST_FILE = "Memorize-CS193p/Info.plist";
				INFOPLIST_KEY_CFBundleDisplayName = Memorize;
				INFOPLIST_KEY_UIApplicationSceneManifest_Generation = YES;
				INFOPLIST_KEY_UIApplicationSupportsIndirectInputEvents = YES;
				INFOPLIST_KEY_UILaunchScreen_Generation = YES;
				INFOPLIST_KEY_UISupportedInterfaceOrientations_iPad = "UIInterfaceOrientationPortrait UIInterfaceOrientationPortraitUpsideDown UIInterfaceOrientationLandscapeLeft UIInterfaceOrientationLandscapeRight";
				INFOPLIST_KEY_UISupportedInterfaceOrientations_iPhone = "UIInterfaceOrientationPortrait UIInterfaceOrientationLandscapeLeft UIInterfaceOrientationLandscapeRight";
				LD_RUNPATH_SEARCH_PATHS = (
					"$(inherited)",
					"@executable_path/Frameworks",
				);
				MARKETING_VERSION = 1.0;
				PRODUCT_BUNDLE_IDENTIFIER = "com.simanerush.Memorize-CS193p";
				PRODUCT_NAME = Memorize;
				SWIFT_EMIT_LOC_STRINGS = YES;
				SWIFT_VERSION = 5.0;
				TARGETED_DEVICE_FAMILY = "1,2";
			};
			name = Debug;
		};
		237284AA275DCD1400A5567B /* Release */ = {
			isa = XCBuildConfiguration;
			buildSettings = {
				ASSETCATALOG_COMPILER_APPICON_NAME = AppIcon;
				ASSETCATALOG_COMPILER_GLOBAL_ACCENT_COLOR_NAME = AccentColor;
				CODE_SIGN_STYLE = Automatic;
				CURRENT_PROJECT_VERSION = 1;
				DEVELOPMENT_ASSET_PATHS = "\"Memorize/Preview Content\"";
				DEVELOPMENT_TEAM = 25H9B97SXR;
				ENABLE_PREVIEWS = YES;
				GENERATE_INFOPLIST_FILE = YES;
				INFOPLIST_FILE = "Memorize-CS193p/Info.plist";
				INFOPLIST_KEY_CFBundleDisplayName = Memorize;
				INFOPLIST_KEY_UIApplicationSceneManifest_Generation = YES;
				INFOPLIST_KEY_UIApplicationSupportsIndirectInputEvents = YES;
				INFOPLIST_KEY_UILaunchScreen_Generation = YES;
				INFOPLIST_KEY_UISupportedInterfaceOrientations_iPad = "UIInterfaceOrientationPortrait UIInterfaceOrientationPortraitUpsideDown UIInterfaceOrientationLandscapeLeft UIInterfaceOrientationLandscapeRight";
				INFOPLIST_KEY_UISupportedInterfaceOrientations_iPhone = "UIInterfaceOrientationPortrait UIInterfaceOrientationLandscapeLeft UIInterfaceOrientationLandscapeRight";
				LD_RUNPATH_SEARCH_PATHS = (
					"$(inherited)",
					"@executable_path/Frameworks",
				);
				MARKETING_VERSION = 1.0;
				PRODUCT_BUNDLE_IDENTIFIER = "com.simanerush.Memorize-CS193p";
				PRODUCT_NAME = Memorize;
				SWIFT_EMIT_LOC_STRINGS = YES;
				SWIFT_VERSION = 5.0;
				TARGETED_DEVICE_FAMILY = "1,2";
			};
			name = Release;
		};
/* End XCBuildConfiguration section */

/* Begin XCConfigurationList section */
		23728495275DCD1300A5567B /* Build configuration list for PBXProject "Memorize" */ = {
			isa = XCConfigurationList;
			buildConfigurations = (
				237284A6275DCD1400A5567B /* Debug */,
				237284A7275DCD1400A5567B /* Release */,
			);
			defaultConfigurationIsVisible = 0;
			defaultConfigurationName = Release;
		};
		237284A8275DCD1400A5567B /* Build configuration list for PBXNativeTarget "Memorize" */ = {
			isa = XCConfigurationList;
			buildConfigurations = (
				237284A9275DCD1400A5567B /* Debug */,
				237284AA275DCD1400A5567B /* Release */,
			);
			defaultConfigurationIsVisible = 0;
			defaultConfigurationName = Release;
		};
/* End XCConfigurationList section */
	};
	rootObject = 23728492275DCD1300A5567B /* Project object */;
}
